
Microsoft Visual Studio Solution File, Format Version 12.00
# Visual Studio Version 17
VisualStudioVersion = 17.14.36603.0 d17.14
MinimumVisualStudioVersion = 10.0.40219.1
Project("{FAE04EC0-301F-11D3-BF4B-00C04F79EFBC}") = "BibliotecaLuisSeila", "BibliotecaLuisSeila\BibliotecaLuisSeila.csproj", "{17D271C8-07B7-43E2-96D9-5DFCFD4AE5DF}"
EndProject
Global
	GlobalSection(SolutionConfigurationPlatforms) = preSolution
		Debug|Any CPU = Debug|Any CPU
		Release|Any CPU = Release|Any CPU
	EndGlobalSection
	GlobalSection(ProjectConfigurationPlatforms) = postSolution
		{17D271C8-07B7-43E2-96D9-5DFCFD4AE5DF}.Debug|Any CPU.ActiveCfg = Debug|Any CPU
		{17D271C8-07B7-43E2-96D9-5DFCFD4AE5DF}.Debug|Any CPU.Build.0 = Debug|Any CPU
		{17D271C8-07B7-43E2-96D9-5DFCFD4AE5DF}.Release|Any CPU.ActiveCfg = Release|Any CPU
		{17D271C8-07B7-43E2-96D9-5DFCFD4AE5DF}.Release|Any CPU.Build.0 = Release|Any CPU
	EndGlobalSection
	GlobalSection(SolutionProperties) = preSolution
		HideSolutionNode = FALSE
	EndGlobalSection
	GlobalSection(ExtensibilityGlobals) = postSolution
		SolutionGuid = {581C62B3-D229-4F3B-AEAF-A03779FF52ED}
	EndGlobalSection
EndGlobal
